
Microsoft Visual Studio Solution File, Format Version 12.00
# Visual Studio 15
VisualStudioVersion = 15.0.28307.489
MinimumVisualStudioVersion = 10.0.40219.1
Project("{FAE04EC0-301F-11D3-BF4B-00C04F79EFBC}") = "Homework2_Composite", "Homework2_Composite\Homework2_Composite.csproj", "{870923C5-A47E-45BD-AC31-E95A40FE4693}"
EndProject
Global
	GlobalSection(SolutionConfigurationPlatforms) = preSolution
		Debug|Any CPU = Debug|Any CPU
		Release|Any CPU = Release|Any CPU
	EndGlobalSection
	GlobalSection(ProjectConfigurationPlatforms) = postSolution
		{870923C5-A47E-45BD-AC31-E95A40FE4693}.Debug|Any CPU.ActiveCfg = Debug|Any CPU
		{870923C5-A47E-45BD-AC31-E95A40FE4693}.Debug|Any CPU.Build.0 = Debug|Any CPU
		{870923C5-A47E-45BD-AC31-E95A40FE4693}.Release|Any CPU.ActiveCfg = Release|Any CPU
		{870923C5-A47E-45BD-AC31-E95A40FE4693}.Release|Any CPU.Build.0 = Release|Any CPU
	EndGlobalSection
	GlobalSection(SolutionProperties) = preSolution
		HideSolutionNode = FALSE
	EndGlobalSection
	GlobalSection(ExtensibilityGlobals) = postSolution
		SolutionGuid = {434A3260-4F22-4FCA-8C46-00CD47DB9CB8}
	EndGlobalSection
EndGlobal
